
Microsoft Visual Studio Solution File, Format Version 12.00
# Visual Studio 15
VisualStudioVersion = 15.0.26403.7
MinimumVisualStudioVersion = 10.0.40219.1
Project("{FAE04EC0-301F-11D3-BF4B-00C04F79EFBC}") = "OrganizationAdministration", "OrganizationAdministration\OrganizationAdministration.csproj", "{84F6B276-4A68-4C55-9148-641B9B72A576}"
EndProject
Project("{FAE04EC0-301F-11D3-BF4B-00C04F79EFBC}") = "OrganizationAdministration.Tests", "OrganizationAdministration.Tests\OrganizationAdministration.Tests.csproj", "{088C5AD8-0334-4B39-A674-993BCA160172}"
EndProject
Project("{FAE04EC0-301F-11D3-BF4B-00C04F79EFBC}") = "OrganizationAdministration.Data", "OrganizationAdministration.Data\OrganizationAdministration.Data.csproj", "{F56A1440-DFC1-4C3F-8C0E-2CB42F2DFB11}"
EndProject
Project("{FAE04EC0-301F-11D3-BF4B-00C04F79EFBC}") = "OrganizationAdministration.DAL", "OrganizationAdministration.DAL\OrganizationAdministration.DAL.csproj", "{1D517288-3F67-4A05-A4D1-D4C81AE026B3}"
EndProject
Global
	GlobalSection(SolutionConfigurationPlatforms) = preSolution
		Debug|Any CPU = Debug|Any CPU
		Release|Any CPU = Release|Any CPU
	EndGlobalSection
	GlobalSection(ProjectConfigurationPlatforms) = postSolution
		{84F6B276-4A68-4C55-9148-641B9B72A576}.Debug|Any CPU.ActiveCfg = Debug|Any CPU
		{84F6B276-4A68-4C55-9148-641B9B72A576}.Debug|Any CPU.Build.0 = Debug|Any CPU
		{84F6B276-4A68-4C55-9148-641B9B72A576}.Release|Any CPU.ActiveCfg = Release|Any CPU
		{84F6B276-4A68-4C55-9148-641B9B72A576}.Release|Any CPU.Build.0 = Release|Any CPU
		{088C5AD8-0334-4B39-A674-993BCA160172}.Debug|Any CPU.ActiveCfg = Debug|Any CPU
		{088C5AD8-0334-4B39-A674-993BCA160172}.Debug|Any CPU.Build.0 = Debug|Any CPU
		{088C5AD8-0334-4B39-A674-993BCA160172}.Release|Any CPU.ActiveCfg = Release|Any CPU
		{088C5AD8-0334-4B39-A674-993BCA160172}.Release|Any CPU.Build.0 = Release|Any CPU
		{F56A1440-DFC1-4C3F-8C0E-2CB42F2DFB11}.Debug|Any CPU.ActiveCfg = Debug|Any CPU
		{F56A1440-DFC1-4C3F-8C0E-2CB42F2DFB11}.Debug|Any CPU.Build.0 = Debug|Any CPU
		{F56A1440-DFC1-4C3F-8C0E-2CB42F2DFB11}.Release|Any CPU.ActiveCfg = Release|Any CPU
		{F56A1440-DFC1-4C3F-8C0E-2CB42F2DFB11}.Release|Any CPU.Build.0 = Release|Any CPU
		{1D517288-3F67-4A05-A4D1-D4C81AE026B3}.Debug|Any CPU.ActiveCfg = Debug|Any CPU
		{1D517288-3F67-4A05-A4D1-D4C81AE026B3}.Debug|Any CPU.Build.0 = Debug|Any CPU
		{1D517288-3F67-4A05-A4D1-D4C81AE026B3}.Release|Any CPU.ActiveCfg = Release|Any CPU
		{1D517288-3F67-4A05-A4D1-D4C81AE026B3}.Release|Any CPU.Build.0 = Release|Any CPU
	EndGlobalSection
	GlobalSection(SolutionProperties) = preSolution
		HideSolutionNode = FALSE
	EndGlobalSection
EndGlobal
